<?xml version="1.0" encoding="utf-8"?>
<Project ToolsVersion="4.0" xmlns="http://schemas.microsoft.com/developer/msbuild/2003">
  <ItemGroup>
    <Filter Include="External">
      <UniqueIdentifier>{67DA6AB6-F800-4c08-8B7A-83BB121AAD01}</UniqueIdentifier>
      <Extensions>rc;ico;cur;bmp;dlg;rc2;rct;bin;rgs;gif;jpg;jpeg;jpe;resx;tiff;tif;png;wav;mfcribbon-ms</Extensions>
    </Filter>
    <Filter Include="Source">
      <UniqueIdentifier>{4FC737F1-C7A5-4376-A066-2A32D752A2FF}</UniqueIdentifier>
      <Extensions>cpp;c;cc;cxx;def;odl;idl;hpj;bat;asm;asmx</Extensions>
    </Filter>
    <Filter Include="External\imgui-docking">
      <UniqueIdentifier>{c85446c9-90d2-4441-add5-5aac511d95ce}</UniqueIdentifier>
    </Filter>
    <Filter Include="External\ImGuizmo">
      <UniqueIdentifier>{5f7002dc-627e-48c5-9e59-33cef80467f8}</UniqueIdentifier>
    </Filter>
    <Filter Include="External\SphereCast">
      <UniqueIdentifier>{febe62f4-6eb6-44d0-8434-1fd681194144}</UniqueIdentifier>
    </Filter>
    <Filter Include="Source\System">
      <UniqueIdentifier>{a78d2f38-31a5-4e50-81a2-873f4054df09}</UniqueIdentifier>
    </Filter>
    <Filter Include="Shader">
      <UniqueIdentifier>{9f64f4ff-d9e0-43d7-88e1-13e6d3656a89}</UniqueIdentifier>
      <Extensions>hlsl;hlsli</Extensions>
    </Filter>
    <Filter Include="Source\System\Graphic">
      <UniqueIdentifier>{11cf71be-33eb-4744-ade3-628c45a27648}</UniqueIdentifier>
    </Filter>
    <Filter Include="Source\System\Core">
      <UniqueIdentifier>{3faf6575-3623-4d38-847c-35827d376447}</UniqueIdentifier>
    </Filter>
    <Filter Include="Source\System\Core\Input">
      <UniqueIdentifier>{52dac426-6358-4dd7-94e3-5a33d1801a65}</UniqueIdentifier>
    </Filter>
    <Filter Include="Source\System\Resource">
      <UniqueIdentifier>{a4326d3e-e37a-4b5f-91ed-2e93c9cd72be}</UniqueIdentifier>
    </Filter>
    <Filter Include="Source\System\Resource\Model">
      <UniqueIdentifier>{b08f22d7-11eb-4186-bd35-419418f25cce}</UniqueIdentifier>
    </Filter>
    <Filter Include="Source\System\Resource\Sprite">
      <UniqueIdentifier>{1bb0c0bb-9cd2-49a8-80b6-5f76293f2308}</UniqueIdentifier>
    </Filter>
    <Filter Include="Source\System\Renderer">
      <UniqueIdentifier>{c614bf19-a197-4825-a4ea-c6411be3af10}</UniqueIdentifier>
    </Filter>
    <Filter Include="Source\System\UI">
      <UniqueIdentifier>{25484cda-d084-42f8-b9da-3e7d64160afc}</UniqueIdentifier>
    </Filter>
    <Filter Include="Source\GamepPlay">
      <UniqueIdentifier>{de69bcfd-acd8-46e5-9cee-f0aa7cfa0efd}</UniqueIdentifier>
    </Filter>
    <Filter Include="Source\GamepPlay\Scene">
      <UniqueIdentifier>{a61f1707-ba55-493a-a3b7-7f331afd5e90}</UniqueIdentifier>
    </Filter>
    <Filter Include="Source\System\Renderer\Shader">
      <UniqueIdentifier>{4916c947-8a1d-423f-a903-5a45aae62a40}</UniqueIdentifier>
    </Filter>
    <Filter Include="Source\GamepPlay\Object">
      <UniqueIdentifier>{839e913e-866e-47af-860a-6ce4f85852d5}</UniqueIdentifier>
    </Filter>
    <Filter Include="Source\GamepPlay\Object\Camera">
      <UniqueIdentifier>{515625fb-af2c-4374-9925-561e7a17d5c5}</UniqueIdentifier>
    </Filter>
    <Filter Include="Source\GamepPlay\Object\Character">
      <UniqueIdentifier>{514717f4-f937-4345-a82c-926a1b92083f}</UniqueIdentifier>
    </Filter>
    <Filter Include="Source\GamepPlay\Object\Stage">
      <UniqueIdentifier>{c40c4fd8-a1ac-4a03-8350-a988c806dd05}</UniqueIdentifier>
    </Filter>
    <Filter Include="Source\GamepPlay\Object\Character\Player">
      <UniqueIdentifier>{259a220e-5749-460e-aaa4-679caa579695}</UniqueIdentifier>
    </Filter>
    <Filter Include="Source\GamepPlay\Object\Character\Animation">
      <UniqueIdentifier>{56bad046-c9d1-4976-80e9-b652f34524e4}</UniqueIdentifier>
    </Filter>
    <Filter Include="Source\GamepPlay\Object\Character\Enemy">
      <UniqueIdentifier>{ed310e6f-2c06-40cd-a27a-37906066e814}</UniqueIdentifier>
    </Filter>
    <Filter Include="Source\GamepPlay\Object\Collision">
      <UniqueIdentifier>{e64da4c0-b24b-4ae5-aae2-87104605ccef}</UniqueIdentifier>
    </Filter>
    <Filter Include="Source\GamepPlay\Object\Camera\DebugCamera">
      <UniqueIdentifier>{bf03ea5a-6a6d-4d8b-bf59-d311145693ed}</UniqueIdentifier>
    </Filter>
    <Filter Include="Source\GamepPlay\Object\Camera\GameCamera">
      <UniqueIdentifier>{2e50e81b-cf63-4282-bb7b-b88e94cae8cf}</UniqueIdentifier>
    </Filter>
    <Filter Include="Source\System\Renderer\Shader\Basic">
      <UniqueIdentifier>{20868d74-3e20-4f11-8768-8393fd2d2689}</UniqueIdentifier>
    </Filter>
    <Filter Include="Source\System\Renderer\Shader\Lambert">
      <UniqueIdentifier>{46bae322-cc75-4ecc-b98b-b4252f4bbbc9}</UniqueIdentifier>
    </Filter>
    <Filter Include="Source\System\Renderer\Shader\PBR">
      <UniqueIdentifier>{191d4d5b-9553-4c07-b594-dbe6f6328ea6}</UniqueIdentifier>
    </Filter>
    <Filter Include="Shader\Basic">
      <UniqueIdentifier>{2a9ec1c8-9ced-4eb2-b88c-4e15f8b77a87}</UniqueIdentifier>
    </Filter>
    <Filter Include="Shader\Lambert">
      <UniqueIdentifier>{998c3cdf-c10e-4b71-be3b-fb789e303271}</UniqueIdentifier>
    </Filter>
    <Filter Include="Shader\PrimitiveRenderer">
      <UniqueIdentifier>{cf8777e6-27a7-4716-97e2-f055c3a9bf8d}</UniqueIdentifier>
    </Filter>
    <Filter Include="Shader\Common">
      <UniqueIdentifier>{e4472cc8-bc40-4641-a31f-8e68f3dc6ad7}</UniqueIdentifier>
    </Filter>
    <Filter Include="Shader\ShapeRenderer">
      <UniqueIdentifier>{785a26a5-ca6e-4f2c-818b-fe95ecb49ff3}</UniqueIdentifier>
    </Filter>
    <Filter Include="Shader\Sprite">
      <UniqueIdentifier>{070f632e-99aa-45e7-a7a2-11ba3131ce02}</UniqueIdentifier>
    </Filter>
    <Filter Include="Shader\PBR">
      <UniqueIdentifier>{40b5617b-06d3-4424-9d44-1c6c34e8d427}</UniqueIdentifier>
    </Filter>
    <Filter Include="Source\System\Renderer\Shader\SkyMap">
      <UniqueIdentifier>{6991e4cf-4b26-4fbe-aa3d-8a436bcbe812}</UniqueIdentifier>
    </Filter>
    <Filter Include="Shader\SkyMap">
      <UniqueIdentifier>{1c2c9147-fa5f-4f58-bd2c-76c9e0691bc9}</UniqueIdentifier>
    </Filter>
    <Filter Include="Shader\ShadowMap">
      <UniqueIdentifier>{83b296cb-ed95-4292-91b1-f7de053c0ee7}</UniqueIdentifier>
    </Filter>
    <Filter Include="Source\System\Renderer\Shader\ShadowMap">
      <UniqueIdentifier>{7b5a9c3f-87ae-4c55-b2ca-f263fbb91aea}</UniqueIdentifier>
    </Filter>
    <Filter Include="Source\GamepPlay\Object\Character\Enemy\BehaviorTree">
      <UniqueIdentifier>{a4294990-10df-4f16-98c2-20b24a1c8cba}</UniqueIdentifier>
    </Filter>
    <Filter Include="Source\GamepPlay\Object\Character\Enemy\BehaviorTree\Base">
      <UniqueIdentifier>{45eeee66-534e-480a-a3f2-a22f5294bafe}</UniqueIdentifier>
    </Filter>
    <Filter Include="External\NodeEdeiter">
      <UniqueIdentifier>{d6ab45af-d410-4a73-8a6c-b486cb4ab745}</UniqueIdentifier>
    </Filter>
    <Filter Include="Source\System\UI\AnimationNodeEditor">
      <UniqueIdentifier>{66af326e-e5aa-428e-8462-82135e6f3af2}</UniqueIdentifier>
    </Filter>
  </ItemGroup>
  <ItemGroup>
    <ClInclude Include="External\imgui-docking\imconfig.h">
      <Filter>External\imgui-docking</Filter>
    </ClInclude>
    <ClInclude Include="External\imgui-docking\imgui.h">
      <Filter>External\imgui-docking</Filter>
    </ClInclude>
    <ClInclude Include="External\imgui-docking\imgui_impl_dx11.h">
      <Filter>External\imgui-docking</Filter>
    </ClInclude>
    <ClInclude Include="External\imgui-docking\imgui_impl_win32.h">
      <Filter>External\imgui-docking</Filter>
    </ClInclude>
    <ClInclude Include="External\imgui-docking\imgui_internal.h">
      <Filter>External\imgui-docking</Filter>
    </ClInclude>
    <ClInclude Include="External\imgui-docking\imstb_rectpack.h">
      <Filter>External\imgui-docking</Filter>
    </ClInclude>
    <ClInclude Include="External\imgui-docking\imstb_textedit.h">
      <Filter>External\imgui-docking</Filter>
    </ClInclude>
    <ClInclude Include="External\imgui-docking\imstb_truetype.h">
      <Filter>External\imgui-docking</Filter>
    </ClInclude>
    <ClInclude Include="External\ImGuizmo\ImCurveEdit.h">
      <Filter>External\ImGuizmo</Filter>
    </ClInclude>
    <ClInclude Include="External\ImGuizmo\ImGradient.h">
      <Filter>External\ImGuizmo</Filter>
    </ClInclude>
    <ClInclude Include="External\ImGuizmo\ImGuizmo.h">
      <Filter>External\ImGuizmo</Filter>
    </ClInclude>
    <ClInclude Include="External\ImGuizmo\ImSequencer.h">
      <Filter>External\ImGuizmo</Filter>
    </ClInclude>
    <ClInclude Include="External\SphereCast\Include\SphereCast.h">
      <Filter>External\SphereCast</Filter>
    </ClInclude>
    <ClInclude Include="Source\GamePlay\Object\Camera\Camera.h">
      <Filter>Source\GamepPlay\Object\Camera</Filter>
    </ClInclude>
    <ClInclude Include="Source\GamePlay\Object\Character\Character.h">
      <Filter>Source\GamepPlay\Object\Character</Filter>
    </ClInclude>
    <ClInclude Include="Source\GamePlay\Object\Stage\Stage.h">
      <Filter>Source\GamepPlay\Object\Stage</Filter>
    </ClInclude>
    <ClInclude Include="Source\GamePlay\Scene\Scene.h">
      <Filter>Source\GamepPlay\Scene</Filter>
    </ClInclude>
    <ClInclude Include="Source\GamePlay\Scene\SceneGame.h">
      <Filter>Source\GamepPlay\Scene</Filter>
    </ClInclude>
    <ClInclude Include="Source\GamePlay\Scene\SceneManager.h">
      <Filter>Source\GamepPlay\Scene</Filter>
    </ClInclude>
    <ClInclude Include="Source\System\Core\HighResolutionTimer.h">
      <Filter>Source\System\Core</Filter>
    </ClInclude>
    <ClInclude Include="Source\System\Core\Misc.h">
      <Filter>Source\System\Core</Filter>
    </ClInclude>
    <ClInclude Include="Source\System\Core\TransformUtils.h">
      <Filter>Source\System\Core</Filter>
    </ClInclude>
    <ClInclude Include="Source\System\Core\Input\GamePad.h">
      <Filter>Source\System\Core\Input</Filter>
    </ClInclude>
    <ClInclude Include="Source\System\Core\Input\Input.h">
      <Filter>Source\System\Core\Input</Filter>
    </ClInclude>
    <ClInclude Include="Source\System\Core\Input\Mouse.h">
      <Filter>Source\System\Core\Input</Filter>
    </ClInclude>
    <ClInclude Include="Source\System\Graphic\GpuResourceUtils.h">
      <Filter>Source\System\Graphic</Filter>
    </ClInclude>
    <ClInclude Include="Source\System\Graphic\Graphics.h">
      <Filter>Source\System\Graphic</Filter>
    </ClInclude>
    <ClInclude Include="Source\System\Graphic\RenderContext.h">
      <Filter>Source\System\Graphic</Filter>
    </ClInclude>
    <ClInclude Include="Source\System\Graphic\RenderState.h">
      <Filter>Source\System\Graphic</Filter>
    </ClInclude>
    <ClInclude Include="Source\System\Renderer\Shader\Shader.h">
      <Filter>Source\System\Renderer\Shader</Filter>
    </ClInclude>
    <ClInclude Include="Source\System\Renderer\ImGuiRenderer.h">
      <Filter>Source\System\Renderer</Filter>
    </ClInclude>
    <ClInclude Include="Source\System\Renderer\Light.h">
      <Filter>Source\System\Renderer</Filter>
    </ClInclude>
    <ClInclude Include="Source\System\Renderer\ModelRenderer.h">
      <Filter>Source\System\Renderer</Filter>
    </ClInclude>
    <ClInclude Include="Source\System\Renderer\PrimitiveRenderer.h">
      <Filter>Source\System\Renderer</Filter>
    </ClInclude>
    <ClInclude Include="Source\System\Renderer\ShapeRenderer.h">
      <Filter>Source\System\Renderer</Filter>
    </ClInclude>
    <ClInclude Include="Source\System\Resource\Model\GLTFImporter.h">
      <Filter>Source\System\Resource\Model</Filter>
    </ClInclude>
    <ClInclude Include="Source\System\Resource\Model\Model.h">
      <Filter>Source\System\Resource\Model</Filter>
    </ClInclude>
    <ClInclude Include="Source\System\Resource\Sprite\Sprite.h">
      <Filter>Source\System\Resource\Sprite</Filter>
    </ClInclude>
    <ClInclude Include="Source\System\UI\Dialog.h">
      <Filter>Source\System\UI</Filter>
    </ClInclude>
    <ClInclude Include="Source\GamePlay\Framework.h">
      <Filter>Source\GamepPlay</Filter>
    </ClInclude>
    <ClInclude Include="Source\GamePlay\Object\Character\Player\Player.h">
      <Filter>Source\GamepPlay\Object\Character\Player</Filter>
    </ClInclude>
    <ClInclude Include="Source\GamePlay\Object\Character\Enemy\Enemy.h">
      <Filter>Source\GamepPlay\Object\Character\Enemy</Filter>
    </ClInclude>
    <ClInclude Include="Source\GamePlay\Object\Collision\Collision.h">
      <Filter>Source\GamepPlay\Object\Collision</Filter>
    </ClInclude>
    <ClInclude Include="Source\GamePlay\Object\Camera\DebugCamera\DebugCamera.h">
      <Filter>Source\GamepPlay\Object\Camera\DebugCamera</Filter>
    </ClInclude>
    <ClInclude Include="Source\GamePlay\Object\Camera\GameCamera\GameCamera.h">
      <Filter>Source\GamepPlay\Object\Camera\GameCamera</Filter>
    </ClInclude>
    <ClInclude Include="Source\System\Renderer\Shader\Basic\BasicShader.h">
      <Filter>Source\System\Renderer\Shader\Basic</Filter>
    </ClInclude>
    <ClInclude Include="Source\System\Renderer\Shader\Lambert\LambertShader.h">
      <Filter>Source\System\Renderer\Shader\Lambert</Filter>
    </ClInclude>
    <ClInclude Include="Source\System\Renderer\Shader\PBR\PBRShader.h">
      <Filter>Source\System\Renderer\Shader\PBR</Filter>
    </ClInclude>
    <ClInclude Include="Source\System\Renderer\Shader\SkyMap\SkyMap.h">
      <Filter>Source\System\Renderer\Shader\SkyMap</Filter>
    </ClInclude>
    <ClInclude Include="Source\System\Renderer\Shader\ShadowMap\ShadowMap.h">
      <Filter>Source\System\Renderer\Shader\ShadowMap</Filter>
    </ClInclude>
    <ClInclude Include="Source\GamePlay\Object\Character\Animation\AnimationState.h">
      <Filter>Source\GamepPlay\Object\Character\Animation</Filter>
    </ClInclude>
    <ClInclude Include="Source\GamePlay\Object\Character\Animation\AnimationStateManager.h">
      <Filter>Source\GamepPlay\Object\Character\Animation</Filter>
    </ClInclude>
    <ClInclude Include="Source\GamePlay\Object\Character\Animation\AnimationCharacter.h">
      <Filter>Source\GamepPlay\Object\Character\Animation</Filter>
    </ClInclude>
    <ClInclude Include="Source\System\UI\AnimationSequence.h">
      <Filter>Source\System\UI</Filter>
    </ClInclude>
    <ClInclude Include="Source\GamePlay\Object\Character\Enemy\BehaviorTree\Base\ActionBase.h">
      <Filter>Source\GamepPlay\Object\Character\Enemy\BehaviorTree\Base</Filter>
    </ClInclude>
    <ClInclude Include="Source\GamePlay\Object\Character\Enemy\BehaviorTree\Base\BehaviorData.h">
      <Filter>Source\GamepPlay\Object\Character\Enemy\BehaviorTree\Base</Filter>
    </ClInclude>
    <ClInclude Include="Source\GamePlay\Object\Character\Enemy\BehaviorTree\Base\BehaviorTree.h">
      <Filter>Source\GamepPlay\Object\Character\Enemy\BehaviorTree\Base</Filter>
    </ClInclude>
    <ClInclude Include="Source\GamePlay\Object\Character\Enemy\BehaviorTree\Base\JudgmentBase.h">
      <Filter>Source\GamepPlay\Object\Character\Enemy\BehaviorTree\Base</Filter>
    </ClInclude>
    <ClInclude Include="Source\GamePlay\Object\Character\Enemy\BehaviorTree\Base\NodeBase.h">
      <Filter>Source\GamepPlay\Object\Character\Enemy\BehaviorTree\Base</Filter>
    </ClInclude>
    <ClInclude Include="Source\GamePlay\Object\Character\Enemy\BehaviorTree\ActionDerived.h">
      <Filter>Source\GamepPlay\Object\Character\Enemy\BehaviorTree</Filter>
    </ClInclude>
    <ClInclude Include="Source\GamePlay\Object\Character\Enemy\BehaviorTree\JudgmentDerived.h">
      <Filter>Source\GamepPlay\Object\Character\Enemy\BehaviorTree</Filter>
    </ClInclude>
    <ClInclude Include="Source\System\Core\Mathf.h">
      <Filter>Source\System\Core</Filter>
    </ClInclude>
    <ClInclude Include="External\imgui-node-editor-master\crude_json.h">
      <Filter>External\NodeEdeiter</Filter>
    </ClInclude>
    <ClInclude Include="External\imgui-node-editor-master\imgui_bezier_math.h">
      <Filter>External\NodeEdeiter</Filter>
    </ClInclude>
    <ClInclude Include="External\imgui-node-editor-master\imgui_canvas.h">
      <Filter>External\NodeEdeiter</Filter>
    </ClInclude>
    <ClInclude Include="External\imgui-node-editor-master\imgui_extra_math.h">
      <Filter>External\NodeEdeiter</Filter>
    </ClInclude>
    <ClInclude Include="External\imgui-node-editor-master\imgui_node_editor.h">
      <Filter>External\NodeEdeiter</Filter>
    </ClInclude>
    <ClInclude Include="External\imgui-node-editor-master\imgui_node_editor_internal.h">
      <Filter>External\NodeEdeiter</Filter>
    </ClInclude>
    <ClInclude Include="Source\System\UI\AnimationNodeEditor\AnimationTranstion.h">
      <Filter>Source\System\UI\AnimationNodeEditor</Filter>
    </ClInclude>
    <ClInclude Include="Source\System\UI\AnimationNodeEditor\AnimationTransitionGraph.h">
      <Filter>Source\System\UI\AnimationNodeEditor</Filter>
    </ClInclude>
    <ClInclude Include="Source\System\UI\AnimationNodeEditor\AnimationTransitionEditor.h">
      <Filter>Source\System\UI\AnimationNodeEditor</Filter>
    </ClInclude>
  </ItemGroup>
  <ItemGroup>
    <ClCompile Include="External\imgui-docking\imgui.cpp">
      <Filter>External\imgui-docking</Filter>
    </ClCompile>
    <ClCompile Include="External\imgui-docking\imgui_demo.cpp">
      <Filter>External\imgui-docking</Filter>
    </ClCompile>
    <ClCompile Include="External\imgui-docking\imgui_draw.cpp">
      <Filter>External\imgui-docking</Filter>
    </ClCompile>
    <ClCompile Include="External\imgui-docking\imgui_impl_dx11.cpp">
      <Filter>External\imgui-docking</Filter>
    </ClCompile>
    <ClCompile Include="External\imgui-docking\imgui_impl_win32.cpp">
      <Filter>External\imgui-docking</Filter>
    </ClCompile>
    <ClCompile Include="External\imgui-docking\imgui_widgets.cpp">
      <Filter>External\imgui-docking</Filter>
    </ClCompile>
    <ClCompile Include="External\ImGuizmo\ImCurveEdit.cpp">
      <Filter>External\ImGuizmo</Filter>
    </ClCompile>
    <ClCompile Include="External\ImGuizmo\ImGradient.cpp">
      <Filter>External\ImGuizmo</Filter>
    </ClCompile>
    <ClCompile Include="External\ImGuizmo\ImGuizmo.cpp">
      <Filter>External\ImGuizmo</Filter>
    </ClCompile>
    <ClCompile Include="External\ImGuizmo\ImSequencer.cpp">
      <Filter>External\ImGuizmo</Filter>
    </ClCompile>
    <ClCompile Include="Source\GamePlay\Object\Camera\Camera.cpp">
      <Filter>Source\GamepPlay\Object\Camera</Filter>
    </ClCompile>
    <ClCompile Include="Source\GamePlay\Object\Character\Character.cpp">
      <Filter>Source\GamepPlay\Object\Character</Filter>
    </ClCompile>
    <ClCompile Include="Source\GamePlay\Object\Stage\Stage.cpp">
      <Filter>Source\GamepPlay\Object\Stage</Filter>
    </ClCompile>
    <ClCompile Include="Source\GamePlay\Scene\Scene.cpp">
      <Filter>Source\GamepPlay\Scene</Filter>
    </ClCompile>
    <ClCompile Include="Source\GamePlay\Scene\SceneGame.cpp">
      <Filter>Source\GamepPlay\Scene</Filter>
    </ClCompile>
    <ClCompile Include="Source\GamePlay\Scene\SceneManager.cpp">
      <Filter>Source\GamepPlay\Scene</Filter>
    </ClCompile>
    <ClCompile Include="Source\System\Core\Main.cpp">
      <Filter>Source\System\Core</Filter>
    </ClCompile>
    <ClCompile Include="Source\System\Core\TransformUtils.cpp">
      <Filter>Source\System\Core</Filter>
    </ClCompile>
    <ClCompile Include="Source\System\Core\Input\GamePad.cpp">
      <Filter>Source\System\Core\Input</Filter>
    </ClCompile>
    <ClCompile Include="Source\System\Core\Input\Input.cpp">
      <Filter>Source\System\Core\Input</Filter>
    </ClCompile>
    <ClCompile Include="Source\System\Core\Input\Mouse.cpp">
      <Filter>Source\System\Core\Input</Filter>
    </ClCompile>
    <ClCompile Include="Source\System\Graphic\GpuResourceUtils.cpp">
      <Filter>Source\System\Graphic</Filter>
    </ClCompile>
    <ClCompile Include="Source\System\Graphic\Graphics.cpp">
      <Filter>Source\System\Graphic</Filter>
    </ClCompile>
    <ClCompile Include="Source\System\Graphic\RenderState.cpp">
      <Filter>Source\System\Graphic</Filter>
    </ClCompile>
    <ClCompile Include="Source\System\Renderer\ImGuiRenderer.cpp">
      <Filter>Source\System\Renderer</Filter>
    </ClCompile>
    <ClCompile Include="Source\System\Renderer\ModelRenderer.cpp">
      <Filter>Source\System\Renderer</Filter>
    </ClCompile>
    <ClCompile Include="Source\System\Renderer\PrimitiveRenderer.cpp">
      <Filter>Source\System\Renderer</Filter>
    </ClCompile>
    <ClCompile Include="Source\System\Renderer\ShapeRenderer.cpp">
      <Filter>Source\System\Renderer</Filter>
    </ClCompile>
    <ClCompile Include="Source\System\Resource\Model\GLTFImporter.cpp">
      <Filter>Source\System\Resource\Model</Filter>
    </ClCompile>
    <ClCompile Include="Source\System\Resource\Model\Model.cpp">
      <Filter>Source\System\Resource\Model</Filter>
    </ClCompile>
    <ClCompile Include="Source\System\Resource\Sprite\Sprite.cpp">
      <Filter>Source\System\Resource\Sprite</Filter>
    </ClCompile>
    <ClCompile Include="Source\System\UI\Dialog.cpp">
      <Filter>Source\System\UI</Filter>
    </ClCompile>
    <ClCompile Include="Source\GamePlay\Framework.cpp">
      <Filter>Source\GamepPlay</Filter>
    </ClCompile>
    <ClCompile Include="Source\GamePlay\Object\Character\Player\Player.cpp">
      <Filter>Source\GamepPlay\Object\Character\Player</Filter>
    </ClCompile>
    <ClCompile Include="Source\GamePlay\Object\Character\Enemy\Enemy.cpp">
      <Filter>Source\GamepPlay\Object\Character\Enemy</Filter>
    </ClCompile>
    <ClCompile Include="Source\GamePlay\Object\Collision\Collision.cpp">
      <Filter>Source\GamepPlay\Object\Collision</Filter>
    </ClCompile>
    <ClCompile Include="Source\GamePlay\Object\Camera\DebugCamera\DebugCamera.cpp">
      <Filter>Source\GamepPlay\Object\Camera\DebugCamera</Filter>
    </ClCompile>
    <ClCompile Include="Source\GamePlay\Object\Camera\GameCamera\GameCamera.cpp">
      <Filter>Source\GamepPlay\Object\Camera\GameCamera</Filter>
    </ClCompile>
    <ClCompile Include="Source\System\Renderer\Shader\Basic\BasicShader.cpp">
      <Filter>Source\System\Renderer\Shader\Basic</Filter>
    </ClCompile>
    <ClCompile Include="Source\System\Renderer\Shader\Lambert\LambertShader.cpp">
      <Filter>Source\System\Renderer\Shader\Lambert</Filter>
    </ClCompile>
    <ClCompile Include="Source\System\Renderer\Shader\SkyMap\SkyMap.cpp">
      <Filter>Source\System\Renderer\Shader\SkyMap</Filter>
    </ClCompile>
    <ClCompile Include="Source\System\Renderer\Shader\PBR\PBRShader.cpp">
      <Filter>Source\System\Renderer\Shader\PBR</Filter>
    </ClCompile>
    <ClCompile Include="Source\System\Renderer\Shader\ShadowMap\ShadowMap.cpp">
      <Filter>Source\System\Renderer\Shader\ShadowMap</Filter>
    </ClCompile>
    <ClCompile Include="Source\GamePlay\Object\Character\Animation\AnimationStateManager.cpp">
      <Filter>Source\GamepPlay\Object\Character\Animation</Filter>
    </ClCompile>
    <ClCompile Include="Source\GamePlay\Object\Character\Animation\AnimationCharacter.cpp">
      <Filter>Source\GamepPlay\Object\Character\Animation</Filter>
    </ClCompile>
    <ClCompile Include="Source\GamePlay\Object\Character\Enemy\BehaviorTree\Base\BehaviorData.cpp">
      <Filter>Source\GamepPlay\Object\Character\Enemy\BehaviorTree\Base</Filter>
    </ClCompile>
    <ClCompile Include="Source\GamePlay\Object\Character\Enemy\BehaviorTree\Base\BehaviorTree.cpp">
      <Filter>Source\GamepPlay\Object\Character\Enemy\BehaviorTree\Base</Filter>
    </ClCompile>
    <ClCompile Include="Source\GamePlay\Object\Character\Enemy\BehaviorTree\Base\NodeBase.cpp">
      <Filter>Source\GamepPlay\Object\Character\Enemy\BehaviorTree\Base</Filter>
    </ClCompile>
    <ClCompile Include="Source\GamePlay\Object\Character\Enemy\BehaviorTree\ActionDerived.cpp">
      <Filter>Source\GamepPlay\Object\Character\Enemy\BehaviorTree</Filter>
    </ClCompile>
    <ClCompile Include="Source\GamePlay\Object\Character\Enemy\BehaviorTree\JudgmentDerived.cpp">
      <Filter>Source\GamepPlay\Object\Character\Enemy\BehaviorTree</Filter>
    </ClCompile>
    <ClCompile Include="Source\System\Core\Mathf.cpp">
      <Filter>Source\System\Core</Filter>
    </ClCompile>
    <ClCompile Include="External\imgui-node-editor-master\crude_json.cpp">
      <Filter>External\NodeEdeiter</Filter>
    </ClCompile>
    <ClCompile Include="External\imgui-node-editor-master\imgui_canvas.cpp">
      <Filter>External\NodeEdeiter</Filter>
    </ClCompile>
    <ClCompile Include="External\imgui-node-editor-master\imgui_node_editor.cpp">
      <Filter>External\NodeEdeiter</Filter>
    </ClCompile>
    <ClCompile Include="External\imgui-node-editor-master\imgui_node_editor_api.cpp">
      <Filter>External\NodeEdeiter</Filter>
    </ClCompile>
    <ClCompile Include="Source\System\UI\AnimationNodeEditor\AnimationTransitionGraph.cpp">
      <Filter>Source\System\UI\AnimationNodeEditor</Filter>
    </ClCompile>
    <ClCompile Include="Source\System\UI\AnimationNodeEditor\AnimationTransitionEditor.cpp">
      <Filter>Source\System\UI\AnimationNodeEditor</Filter>
    </ClCompile>
  </ItemGroup>
  <ItemGroup>
    <None Include="packages.config" />
    <None Include="Shader\Lambert\Lambert.hlsli">
      <Filter>Shader\Lambert</Filter>
    </None>
    <None Include="Shader\Common\physical_based_rendering_functions.hlsli">
      <Filter>Shader\Common</Filter>
    </None>
    <None Include="Shader\Common\shading_functions.hlsli">
      <Filter>Shader\Common</Filter>
    </None>
    <None Include="Shader\Common\Skinning.hlsli">
      <Filter>Shader\Common</Filter>
    </None>
    <None Include="Shader\Sprite\Sprite.hlsli">
      <Filter>Shader\Sprite</Filter>
    </None>
    <None Include="Shader\ShapeRenderer\ShapeRenderer.hlsli">
      <Filter>Shader\ShapeRenderer</Filter>
    </None>
    <None Include="Shader\PrimitiveRenderer\PrimitiveRenderer.hlsli">
      <Filter>Shader\PrimitiveRenderer</Filter>
    </None>
    <None Include="Shader\Basic\Basic.hlsli">
      <Filter>Shader\Basic</Filter>
    </None>
    <None Include="Shader\Common\Scene.hlsli">
      <Filter>Shader\Common</Filter>
    </None>
    <None Include="Shader\PBR\PBRShader.hlsli">
      <Filter>Shader\PBR</Filter>
    </None>
    <None Include="Shader\SkyMap\SkyMap.hlsli">
      <Filter>Shader\SkyMap</Filter>
    </None>
  </ItemGroup>
  <ItemGroup>
    <FxCompile Include="Shader\Basic\BasicPS.hlsl">
      <Filter>Shader\Basic</Filter>
    </FxCompile>
    <FxCompile Include="Shader\Basic\BasicVS.hlsl">
      <Filter>Shader\Basic</Filter>
    </FxCompile>
    <FxCompile Include="Shader\Lambert\LambertPS.hlsl">
      <Filter>Shader\Lambert</Filter>
    </FxCompile>
    <FxCompile Include="Shader\Lambert\LambertVS.hlsl">
      <Filter>Shader\Lambert</Filter>
    </FxCompile>
    <FxCompile Include="Shader\Sprite\SpritePS.hlsl">
      <Filter>Shader\Sprite</Filter>
    </FxCompile>
    <FxCompile Include="Shader\Sprite\SpriteVS.hlsl">
      <Filter>Shader\Sprite</Filter>
    </FxCompile>
    <FxCompile Include="Shader\ShapeRenderer\ShapeRendererPS.hlsl">
      <Filter>Shader\ShapeRenderer</Filter>
    </FxCompile>
    <FxCompile Include="Shader\ShapeRenderer\ShapeRendererVS.hlsl">
      <Filter>Shader\ShapeRenderer</Filter>
    </FxCompile>
    <FxCompile Include="Shader\PrimitiveRenderer\PrimitiveRendererPS.hlsl">
      <Filter>Shader\PrimitiveRenderer</Filter>
    </FxCompile>
    <FxCompile Include="Shader\PrimitiveRenderer\PrimitiveRendererVS.hlsl">
      <Filter>Shader\PrimitiveRenderer</Filter>
    </FxCompile>
    <FxCompile Include="Shader\PBR\PBRShader_vs.hlsl">
      <Filter>Shader\PBR</Filter>
    </FxCompile>
    <FxCompile Include="Shader\PBR\PBRShader_ps.hlsl">
      <Filter>Shader\PBR</Filter>
    </FxCompile>
    <FxCompile Include="Shader\SkyMap\SkyMap_VS.hlsl">
      <Filter>Shader\SkyMap</Filter>
    </FxCompile>
    <FxCompile Include="Shader\SkyMap\SkyMap_PS.hlsl">
      <Filter>Shader\SkyMap</Filter>
    </FxCompile>
    <FxCompile Include="Shader\SkyMap\Shadow_Caster_vs.hlsl">
      <Filter>Shader\ShadowMap</Filter>
    </FxCompile>
  </ItemGroup>
</Project>