<?xml version="1.0" encoding="utf-8"?>
<Project ToolsVersion="4.0" xmlns="http://schemas.microsoft.com/developer/msbuild/2003">
  <ItemGroup>
    <Filter Include="External">
      <UniqueIdentifier>{67DA6AB6-F800-4c08-8B7A-83BB121AAD01}</UniqueIdentifier>
      <Extensions>rc;ico;cur;bmp;dlg;rc2;rct;bin;rgs;gif;jpg;jpeg;jpe;resx;tiff;tif;png;wav;mfcribbon-ms</Extensions>
    </Filter>
    <Filter Include="Source">
      <UniqueIdentifier>{4FC737F1-C7A5-4376-A066-2A32D752A2FF}</UniqueIdentifier>
      <Extensions>cpp;c;cc;cxx;def;odl;idl;hpj;bat;asm;asmx</Extensions>
    </Filter>
    <Filter Include="External\imgui-docking">
      <UniqueIdentifier>{c85446c9-90d2-4441-add5-5aac511d95ce}</UniqueIdentifier>
    </Filter>
    <Filter Include="External\ImGuizmo">
      <UniqueIdentifier>{5f7002dc-627e-48c5-9e59-33cef80467f8}</UniqueIdentifier>
    </Filter>
    <Filter Include="External\SphereCast">
      <UniqueIdentifier>{febe62f4-6eb6-44d0-8434-1fd681194144}</UniqueIdentifier>
    </Filter>
    <Filter Include="Source\System">
      <UniqueIdentifier>{a78d2f38-31a5-4e50-81a2-873f4054df09}</UniqueIdentifier>
    </Filter>
    <Filter Include="Shader">
      <UniqueIdentifier>{9f64f4ff-d9e0-43d7-88e1-13e6d3656a89}</UniqueIdentifier>
      <Extensions>hlsl;hlsli</Extensions>
    </Filter>
    <Filter Include="Source\System\Graphic">
      <UniqueIdentifier>{11cf71be-33eb-4744-ade3-628c45a27648}</UniqueIdentifier>
    </Filter>
    <Filter Include="Source\System\Core">
      <UniqueIdentifier>{3faf6575-3623-4d38-847c-35827d376447}</UniqueIdentifier>
    </Filter>
    <Filter Include="Source\System\Core\Input">
      <UniqueIdentifier>{52dac426-6358-4dd7-94e3-5a33d1801a65}</UniqueIdentifier>
    </Filter>
    <Filter Include="Source\System\Resource">
      <UniqueIdentifier>{a4326d3e-e37a-4b5f-91ed-2e93c9cd72be}</UniqueIdentifier>
    </Filter>
    <Filter Include="Source\System\Resource\Model">
      <UniqueIdentifier>{b08f22d7-11eb-4186-bd35-419418f25cce}</UniqueIdentifier>
    </Filter>
    <Filter Include="Source\System\Resource\Sprite">
      <UniqueIdentifier>{1bb0c0bb-9cd2-49a8-80b6-5f76293f2308}</UniqueIdentifier>
    </Filter>
    <Filter Include="Source\System\Renderer">
      <UniqueIdentifier>{c614bf19-a197-4825-a4ea-c6411be3af10}</UniqueIdentifier>
    </Filter>
    <Filter Include="Source\System\UI">
      <UniqueIdentifier>{25484cda-d084-42f8-b9da-3e7d64160afc}</UniqueIdentifier>
    </Filter>
    <Filter Include="Source\GamepPlay">
      <UniqueIdentifier>{de69bcfd-acd8-46e5-9cee-f0aa7cfa0efd}</UniqueIdentifier>
    </Filter>
    <Filter Include="Source\GamepPlay\Scene">
      <UniqueIdentifier>{a61f1707-ba55-493a-a3b7-7f331afd5e90}</UniqueIdentifier>
    </Filter>
    <Filter Include="Source\System\Renderer\Shader">
      <UniqueIdentifier>{4916c947-8a1d-423f-a903-5a45aae62a40}</UniqueIdentifier>
    </Filter>
    <Filter Include="Source\GamepPlay\Object">
      <UniqueIdentifier>{839e913e-866e-47af-860a-6ce4f85852d5}</UniqueIdentifier>
    </Filter>
    <Filter Include="Source\GamepPlay\Object\Camera">
      <UniqueIdentifier>{515625fb-af2c-4374-9925-561e7a17d5c5}</UniqueIdentifier>
    </Filter>
    <Filter Include="Source\GamepPlay\Object\Character">
      <UniqueIdentifier>{514717f4-f937-4345-a82c-926a1b92083f}</UniqueIdentifier>
    </Filter>
    <Filter Include="Source\GamepPlay\Object\Stage">
      <UniqueIdentifier>{c40c4fd8-a1ac-4a03-8350-a988c806dd05}</UniqueIdentifier>
    </Filter>
    <Filter Include="Source\GamepPlay\Object\Character\Player">
      <UniqueIdentifier>{259a220e-5749-460e-aaa4-679caa579695}</UniqueIdentifier>
    </Filter>
    <Filter Include="Source\GamepPlay\Object\Character\Animation">
      <UniqueIdentifier>{56bad046-c9d1-4976-80e9-b652f34524e4}</UniqueIdentifier>
    </Filter>
    <Filter Include="Source\GamepPlay\Object\Character\Enemy">
      <UniqueIdentifier>{ed310e6f-2c06-40cd-a27a-37906066e814}</UniqueIdentifier>
    </Filter>
  </ItemGroup>
  <ItemGroup>
    <ClInclude Include="External\imgui-docking\imconfig.h">
      <Filter>External\imgui-docking</Filter>
    </ClInclude>
    <ClInclude Include="External\imgui-docking\imgui.h">
      <Filter>External\imgui-docking</Filter>
    </ClInclude>
    <ClInclude Include="External\imgui-docking\imgui_impl_dx11.h">
      <Filter>External\imgui-docking</Filter>
    </ClInclude>
    <ClInclude Include="External\imgui-docking\imgui_impl_win32.h">
      <Filter>External\imgui-docking</Filter>
    </ClInclude>
    <ClInclude Include="External\imgui-docking\imgui_internal.h">
      <Filter>External\imgui-docking</Filter>
    </ClInclude>
    <ClInclude Include="External\imgui-docking\imstb_rectpack.h">
      <Filter>External\imgui-docking</Filter>
    </ClInclude>
    <ClInclude Include="External\imgui-docking\imstb_textedit.h">
      <Filter>External\imgui-docking</Filter>
    </ClInclude>
    <ClInclude Include="External\imgui-docking\imstb_truetype.h">
      <Filter>External\imgui-docking</Filter>
    </ClInclude>
    <ClInclude Include="External\ImGuizmo\ImCurveEdit.h">
      <Filter>External\ImGuizmo</Filter>
    </ClInclude>
    <ClInclude Include="External\ImGuizmo\ImGradient.h">
      <Filter>External\ImGuizmo</Filter>
    </ClInclude>
    <ClInclude Include="External\ImGuizmo\ImGuizmo.h">
      <Filter>External\ImGuizmo</Filter>
    </ClInclude>
    <ClInclude Include="External\ImGuizmo\ImSequencer.h">
      <Filter>External\ImGuizmo</Filter>
    </ClInclude>
    <ClInclude Include="External\SphereCast\Include\SphereCast.h">
      <Filter>External\SphereCast</Filter>
    </ClInclude>
    <ClInclude Include="Source\GamePlay\Object\Camera\Camera.h">
      <Filter>Source\GamepPlay\Object\Camera</Filter>
    </ClInclude>
    <ClInclude Include="Source\GamePlay\Object\Camera\FreeCameraController.h">
      <Filter>Source\GamepPlay\Object\Camera</Filter>
    </ClInclude>
    <ClInclude Include="Source\GamePlay\Object\Character\Character.h">
      <Filter>Source\GamepPlay\Object\Character</Filter>
    </ClInclude>
    <ClInclude Include="Source\GamePlay\Object\Stage\Stage.h">
      <Filter>Source\GamepPlay\Object\Stage</Filter>
    </ClInclude>
    <ClInclude Include="Source\GamePlay\Scene\Scene.h">
      <Filter>Source\GamepPlay\Scene</Filter>
    </ClInclude>
    <ClInclude Include="Source\GamePlay\Scene\SceneGame.h">
      <Filter>Source\GamepPlay\Scene</Filter>
    </ClInclude>
    <ClInclude Include="Source\GamePlay\Scene\SceneManager.h">
      <Filter>Source\GamepPlay\Scene</Filter>
    </ClInclude>
    <ClInclude Include="Source\System\Core\HighResolutionTimer.h">
      <Filter>Source\System\Core</Filter>
    </ClInclude>
    <ClInclude Include="Source\System\Core\Misc.h">
      <Filter>Source\System\Core</Filter>
    </ClInclude>
    <ClInclude Include="Source\System\Core\TransformUtils.h">
      <Filter>Source\System\Core</Filter>
    </ClInclude>
    <ClInclude Include="Source\System\Core\Input\GamePad.h">
      <Filter>Source\System\Core\Input</Filter>
    </ClInclude>
    <ClInclude Include="Source\System\Core\Input\Input.h">
      <Filter>Source\System\Core\Input</Filter>
    </ClInclude>
    <ClInclude Include="Source\System\Core\Input\Mouse.h">
      <Filter>Source\System\Core\Input</Filter>
    </ClInclude>
    <ClInclude Include="Source\System\Graphic\GpuResourceUtils.h">
      <Filter>Source\System\Graphic</Filter>
    </ClInclude>
    <ClInclude Include="Source\System\Graphic\Graphics.h">
      <Filter>Source\System\Graphic</Filter>
    </ClInclude>
    <ClInclude Include="Source\System\Graphic\RenderContext.h">
      <Filter>Source\System\Graphic</Filter>
    </ClInclude>
    <ClInclude Include="Source\System\Graphic\RenderState.h">
      <Filter>Source\System\Graphic</Filter>
    </ClInclude>
    <ClInclude Include="Source\System\Renderer\Shader\BasicShader.h">
      <Filter>Source\System\Renderer\Shader</Filter>
    </ClInclude>
    <ClInclude Include="Source\System\Renderer\Shader\LambertShader.h">
      <Filter>Source\System\Renderer\Shader</Filter>
    </ClInclude>
    <ClInclude Include="Source\System\Renderer\Shader\Shader.h">
      <Filter>Source\System\Renderer\Shader</Filter>
    </ClInclude>
    <ClInclude Include="Source\System\Renderer\ImGuiRenderer.h">
      <Filter>Source\System\Renderer</Filter>
    </ClInclude>
    <ClInclude Include="Source\System\Renderer\Light.h">
      <Filter>Source\System\Renderer</Filter>
    </ClInclude>
    <ClInclude Include="Source\System\Renderer\ModelRenderer.h">
      <Filter>Source\System\Renderer</Filter>
    </ClInclude>
    <ClInclude Include="Source\System\Renderer\PrimitiveRenderer.h">
      <Filter>Source\System\Renderer</Filter>
    </ClInclude>
    <ClInclude Include="Source\System\Renderer\ShapeRenderer.h">
      <Filter>Source\System\Renderer</Filter>
    </ClInclude>
    <ClInclude Include="Source\System\Resource\Model\GLTFImporter.h">
      <Filter>Source\System\Resource\Model</Filter>
    </ClInclude>
    <ClInclude Include="Source\System\Resource\Model\Model.h">
      <Filter>Source\System\Resource\Model</Filter>
    </ClInclude>
    <ClInclude Include="Source\System\Resource\Sprite\Sprite.h">
      <Filter>Source\System\Resource\Sprite</Filter>
    </ClInclude>
    <ClInclude Include="Source\System\UI\Dialog.h">
      <Filter>Source\System\UI</Filter>
    </ClInclude>
    <ClInclude Include="Source\GamePlay\Framework.h">
      <Filter>Source\GamepPlay</Filter>
    </ClInclude>
    <ClInclude Include="Source\GamePlay\Object\Character\Player\Player.h">
      <Filter>Source\GamepPlay\Object\Character\Player</Filter>
    </ClInclude>
    <ClInclude Include="Source\GamePlay\Object\Character\Enemy\Enemy.h">
      <Filter>Source\GamepPlay\Object\Character\Enemy</Filter>
    </ClInclude>
  </ItemGroup>
  <ItemGroup>
    <ClCompile Include="External\imgui-docking\imgui.cpp">
      <Filter>External\imgui-docking</Filter>
    </ClCompile>
    <ClCompile Include="External\imgui-docking\imgui_demo.cpp">
      <Filter>External\imgui-docking</Filter>
    </ClCompile>
    <ClCompile Include="External\imgui-docking\imgui_draw.cpp">
      <Filter>External\imgui-docking</Filter>
    </ClCompile>
    <ClCompile Include="External\imgui-docking\imgui_impl_dx11.cpp">
      <Filter>External\imgui-docking</Filter>
    </ClCompile>
    <ClCompile Include="External\imgui-docking\imgui_impl_win32.cpp">
      <Filter>External\imgui-docking</Filter>
    </ClCompile>
    <ClCompile Include="External\imgui-docking\imgui_widgets.cpp">
      <Filter>External\imgui-docking</Filter>
    </ClCompile>
    <ClCompile Include="External\ImGuizmo\ImCurveEdit.cpp">
      <Filter>External\ImGuizmo</Filter>
    </ClCompile>
    <ClCompile Include="External\ImGuizmo\ImGradient.cpp">
      <Filter>External\ImGuizmo</Filter>
    </ClCompile>
    <ClCompile Include="External\ImGuizmo\ImGuizmo.cpp">
      <Filter>External\ImGuizmo</Filter>
    </ClCompile>
    <ClCompile Include="External\ImGuizmo\ImSequencer.cpp">
      <Filter>External\ImGuizmo</Filter>
    </ClCompile>
    <ClCompile Include="Source\GamePlay\Object\Camera\Camera.cpp">
      <Filter>Source\GamepPlay\Object\Camera</Filter>
    </ClCompile>
    <ClCompile Include="Source\GamePlay\Object\Camera\FreeCameraController.cpp">
      <Filter>Source\GamepPlay\Object\Camera</Filter>
    </ClCompile>
    <ClCompile Include="Source\GamePlay\Object\Character\Character.cpp">
      <Filter>Source\GamepPlay\Object\Character</Filter>
    </ClCompile>
    <ClCompile Include="Source\GamePlay\Object\Stage\Stage.cpp">
      <Filter>Source\GamepPlay\Object\Stage</Filter>
    </ClCompile>
    <ClCompile Include="Source\GamePlay\Scene\Scene.cpp">
      <Filter>Source\GamepPlay\Scene</Filter>
    </ClCompile>
    <ClCompile Include="Source\GamePlay\Scene\SceneGame.cpp">
      <Filter>Source\GamepPlay\Scene</Filter>
    </ClCompile>
    <ClCompile Include="Source\GamePlay\Scene\SceneManager.cpp">
      <Filter>Source\GamepPlay\Scene</Filter>
    </ClCompile>
    <ClCompile Include="Source\System\Core\Main.cpp">
      <Filter>Source\System\Core</Filter>
    </ClCompile>
    <ClCompile Include="Source\System\Core\TransformUtils.cpp">
      <Filter>Source\System\Core</Filter>
    </ClCompile>
    <ClCompile Include="Source\System\Core\Input\GamePad.cpp">
      <Filter>Source\System\Core\Input</Filter>
    </ClCompile>
    <ClCompile Include="Source\System\Core\Input\Input.cpp">
      <Filter>Source\System\Core\Input</Filter>
    </ClCompile>
    <ClCompile Include="Source\System\Core\Input\Mouse.cpp">
      <Filter>Source\System\Core\Input</Filter>
    </ClCompile>
    <ClCompile Include="Source\System\Graphic\GpuResourceUtils.cpp">
      <Filter>Source\System\Graphic</Filter>
    </ClCompile>
    <ClCompile Include="Source\System\Graphic\Graphics.cpp">
      <Filter>Source\System\Graphic</Filter>
    </ClCompile>
    <ClCompile Include="Source\System\Graphic\RenderState.cpp">
      <Filter>Source\System\Graphic</Filter>
    </ClCompile>
    <ClCompile Include="Source\System\Renderer\Shader\BasicShader.cpp">
      <Filter>Source\System\Renderer\Shader</Filter>
    </ClCompile>
    <ClCompile Include="Source\System\Renderer\Shader\LambertShader.cpp">
      <Filter>Source\System\Renderer\Shader</Filter>
    </ClCompile>
    <ClCompile Include="Source\System\Renderer\ImGuiRenderer.cpp">
      <Filter>Source\System\Renderer</Filter>
    </ClCompile>
    <ClCompile Include="Source\System\Renderer\ModelRenderer.cpp">
      <Filter>Source\System\Renderer</Filter>
    </ClCompile>
    <ClCompile Include="Source\System\Renderer\PrimitiveRenderer.cpp">
      <Filter>Source\System\Renderer</Filter>
    </ClCompile>
    <ClCompile Include="Source\System\Renderer\ShapeRenderer.cpp">
      <Filter>Source\System\Renderer</Filter>
    </ClCompile>
    <ClCompile Include="Source\System\Resource\Model\GLTFImporter.cpp">
      <Filter>Source\System\Resource\Model</Filter>
    </ClCompile>
    <ClCompile Include="Source\System\Resource\Model\Model.cpp">
      <Filter>Source\System\Resource\Model</Filter>
    </ClCompile>
    <ClCompile Include="Source\System\Resource\Sprite\Sprite.cpp">
      <Filter>Source\System\Resource\Sprite</Filter>
    </ClCompile>
    <ClCompile Include="Source\System\UI\Dialog.cpp">
      <Filter>Source\System\UI</Filter>
    </ClCompile>
    <ClCompile Include="Source\GamePlay\Framework.cpp">
      <Filter>Source\GamepPlay</Filter>
    </ClCompile>
    <ClCompile Include="Source\GamePlay\Object\Character\Player\Player.cpp">
      <Filter>Source\GamepPlay\Object\Character\Player</Filter>
    </ClCompile>
    <ClCompile Include="Source\GamePlay\Object\Character\Enemy\Enemy.cpp">
      <Filter>Source\GamepPlay\Object\Character\Enemy</Filter>
    </ClCompile>
  </ItemGroup>
  <ItemGroup>
    <None Include="Shader\Sprite.hlsli">
      <Filter>Shader</Filter>
    </None>
    <None Include="Shader\ShapeRenderer.hlsli">
      <Filter>Shader</Filter>
    </None>
    <None Include="Shader\Skinning.hlsli">
      <Filter>Shader</Filter>
    </None>
    <None Include="Shader\PrimitiveRenderer.hlsli">
      <Filter>Shader</Filter>
    </None>
    <None Include="Shader\Basic.hlsli">
      <Filter>Shader</Filter>
    </None>
    <None Include="Shader\Lambert.hlsli">
      <Filter>Shader</Filter>
    </None>
    <None Include="Shader\Scene.hlsli">
      <Filter>Shader</Filter>
    </None>
    <None Include="packages.config" />
  </ItemGroup>
  <ItemGroup>
    <FxCompile Include="Shader\SpriteVS.hlsl">
      <Filter>Shader</Filter>
    </FxCompile>
    <FxCompile Include="Shader\SpritePS.hlsl">
      <Filter>Shader</Filter>
    </FxCompile>
    <FxCompile Include="Shader\ShapeRendererVS.hlsl">
      <Filter>Shader</Filter>
    </FxCompile>
    <FxCompile Include="Shader\ShapeRendererPS.hlsl">
      <Filter>Shader</Filter>
    </FxCompile>
    <FxCompile Include="Shader\PrimitiveRendererVS.hlsl">
      <Filter>Shader</Filter>
    </FxCompile>
    <FxCompile Include="Shader\PrimitiveRendererPS.hlsl">
      <Filter>Shader</Filter>
    </FxCompile>
    <FxCompile Include="Shader\BasicPS.hlsl">
      <Filter>Shader</Filter>
    </FxCompile>
    <FxCompile Include="Shader\BasicVS.hlsl">
      <Filter>Shader</Filter>
    </FxCompile>
    <FxCompile Include="Shader\LambertPS.hlsl">
      <Filter>Shader</Filter>
    </FxCompile>
    <FxCompile Include="Shader\LambertVS.hlsl">
      <Filter>Shader</Filter>
    </FxCompile>
  </ItemGroup>
</Project>